{
  "name": "slip-contracts",
  "lockfileVersion": 3,
  "requires": true,
  "packages": {
    "": {
      "name": "slip-contracts",
      "dependencies": {
        "@midnight-ntwrk/compact-runtime": "0.19.0",
        "@midnight-ntwrk/midnight-js-network-id": "4.1.1"
      }
    },
    "node_modules/@midnight-ntwrk/compact-runtime": {
      "version": "0.19.0",
      "resolved": "https://registry.npmjs.org/@midnight-ntwrk/compact-runtime/-/compact-runtime-0.19.0.tgz",
      "integrity": "sha512-0q1ZOlyPdCCEasAxlHxagO6Sb+Db5GM6qYPQ+c+cp71NRxQgiY0Wd0/LIoshQTs+OBISb4XTjiNQ1lxcKR79qQ==",
      "license": "Apache-2.0",
      "dependencies": {
        "@midnightntwrk/onchain-runtime-v4": "^4.0.0-rc.3",
        "@noble/curves": "^2.2.0",
        "@noble/hashes": "^2.0.1",
        "@types/object-inspect": "^1.8.1",
        "object-inspect": "^1.12.3"
      }
    },
    "node_modules/@midnight-ntwrk/midnight-js-network-id": {
      "version": "4.1.1",
      "resolved": "https://registry.npmjs.org/@midnight-ntwrk/midnight-js-network-id/-/midnight-js-network-id-4.1.1.tgz",
      "integrity": "sha512-g49IBK0In1Jt2wKgi18rUvoy1ShGVrfb/VvgWALkc9Noc6+4MX5NTLVg5zqu+CyO2waIGb5lqDPnAhTD9wPAOQ==",
      "license": "Apache-2.0"
    },
    "node_modules/@midnightntwrk/onchain-runtime-v4": {
      "version": "4.0.0-rc.3",
      "resolved": "https://registry.npmjs.org/@midnightntwrk/onchain-runtime-v4/-/onchain-runtime-v4-4.0.0-rc.3.tgz",
      "integrity": "sha512-LAf4g3vgwtPqActbi5RAoZcfYduqnFqtsHN+i1s/Mcb5vi2yMbPmpSOJ0YCCIGb2S/qY7G5tQARHVD0PJyHSNA=="
    },
    "node_modules/@noble/curves": {
      "version": "2.4.0",
      "resolved": "https://registry.npmjs.org/@noble/curves/-/curves-2.4.0.tgz",
      "integrity": "sha512-P4/62zrgfH33CneE3Dn4WhJVA22YUU0eR51wKIan4NVRvwsA0YnPTwWGpNbpuacSujmSFLvyzpyuR30+fbq2Ew==",
      "license": "MIT",
      "dependencies": {
        "@noble/hashes": "2.4.0"
      },
      "engines": {
        "node": ">= 20.19.0"
      },
      "funding": {
        "url": "https://paulmillr.com/funding/"
      }
    },
    "node_modules/@noble/hashes": {
      "version": "2.4.0",
      "resolved": "https://registry.npmjs.org/@noble/hashes/-/hashes-2.4.0.tgz",
      "integrity": "sha512-X5XaVWZIBCT7HHZGm5I7ZQXDwLG+bGXuSrMQAW+7Zvl87h1kmc1ZB1VSRJcpUfoUrGQp4Fkoxm5kZ+Ms+aW+eA==",
      "license": "MIT",
      "engines": {
        "node": ">= 20.19.0"
      },
      "funding": {
        "url": "https://paulmillr.com/funding/"
      }
    },
    "node_modules/@types/object-inspect": {
      "version": "1.13.0",
      "resolved": "https://registry.npmjs.org/@types/object-inspect/-/object-inspect-1.13.0.tgz",
      "integrity": "sha512-lwGTVESDDV+XsQ1pH4UifpJ1f7OtXzQ6QBOX2Afq2bM/T3oOt8hF6exJMjjIjtEWeAN2YAo25J7HxWh97CCz9w==",
      "license": "MIT"
    },
    "node_modules/object-inspect": {
      "version": "1.13.4",
      "resolved": "https://registry.npmjs.org/object-inspect/-/object-inspect-1.13.4.tgz",
      "integrity": "sha512-W67iLl4J2EXEGTbfeHCffrjDfitvLANg0UlX3wFUUSTx92KXRFegMHUVgSqE+wvhAbi4WqjGg9czysTV2Epbew==",
      "license": "MIT",
      "engines": {
        "node": ">= 0.4"
      },
      "funding": {
        "url": "https://github.com/sponsors/ljharb"
      }
    }
  }
}
